Microsoft Visual Studio Solution File, Format Version 12.00
# Visual Studio Version 17
VisualStudioVersion = 17.0.xxxxx.xxxxx
MinimumVisualStudioVersion = 10.0.40219.1
Project("{FAE04EC0-301F-11D3-BF4B-00C04F79EFBC}") = "InTheZone.Web", "InTheZone.Web\InTheZone.Web.csproj", "{YOUR-WEB-PROJECT-GUID}"
EndProject
Project("{FAE04EC0-301F-11D3-BF4B-00C04F79EFBC}") = "InTheZone.Services", "InTheZone.Services\InTheZone.Services.csproj", "{YOUR-SERVICE-PROJECT-GUID}"
EndProject
Project("{FAE04EC0-301F-11D3-BF4B-00C04F79EFBC}") = "InTheZone.Data", "InTheZone.Data\InTheZone.Data.csproj", "{YOUR-DATA-PROJECT-GUID}"
EndProject
Project("{FAE04EC0-301F-11D3-BF4B-00C04F79EFBC}") = "InTheZone.Tests", "InTheZone.Tests\InTheZone.Tests.csproj", "{YOUR-TEST-PROJECT-GUID}"
EndProject
Global
    GlobalSection(SolutionConfigurationPlatforms) = preSolution
        Debug|Any CPU = Debug|Any CPU
        Release|Any CPU = Release|Any CPU
    EndGlobalSection
    GlobalSection(ProjectConfigurationPlatforms) = postSolution
        {YOUR-WEB-PROJECT-GUID}.Debug|Any CPU.ActiveCfg = Debug|Any CPU
        {YOUR-WEB-PROJECT-GUID}.Debug|Any CPU.Build.0 = Debug|Any CPU
        {YOUR-WEB-PROJECT-GUID}.Release|Any CPU.ActiveCfg = Release|Any CPU
        {YOUR-WEB-PROJECT-GUID}.Release|Any CPU.Build.0 = Release|Any CPU
        {YOUR-SERVICE-PROJECT-GUID}.Debug|Any CPU.ActiveCfg = Debug|Any CPU
        {YOUR-SERVICE-PROJECT-GUID}.Debug|Any CPU.Build.0 = Debug|Any CPU
        {YOUR-SERVICE-PROJECT-GUID}.Release|Any CPU.ActiveCfg = Release|Any CPU
        {YOUR-SERVICE-PROJECT-GUID}.Release|Any CPU.Build.0 = Release|Any CPU
        {YOUR-DATA-PROJECT-GUID}.Debug|Any CPU.ActiveCfg = Debug|Any CPU
        {YOUR-DATA-PROJECT-GUID}.Debug|Any CPU.Build.0 = Debug|Any CPU
        {YOUR-DATA-PROJECT-GUID}.Release|Any CPU.ActiveCfg = Release|Any CPU
        {YOUR-DATA-PROJECT-GUID}.Release|Any CPU.Build.0 = Release|Any CPU
        {YOUR-TEST-PROJECT-GUID}.Debug|Any CPU.ActiveCfg = Debug|Any CPU
        {YOUR-TEST-PROJECT-GUID}.Debug|Any CPU.Build.0 = Debug|Any CPU
        {YOUR-TEST-PROJECT-GUID}.Release|Any CPU.ActiveCfg = Release|Any CPU
        {YOUR-TEST-PROJECT-GUID}.Release|Any CPU.Build.0 = Release|Any CPU
    EndGlobalSection
    GlobalSection(SolutionProperties) = preSolution
        HideSolutionNode = FALSE
    EndGlobalSection
    GlobalSection(NestedProjects) = preSolution
        {YOUR-SERVICE-PROJECT-GUID} = {YOUR-DATA-PROJECT-GUID}
    EndGlobalSection
EndGlobal